
Microsoft Visual Studio Solution File, Format Version 12.00
# Visual Studio Version 17
VisualStudioVersion = 17.11.35312.102
MinimumVisualStudioVersion = 10.0.40219.1
Project("{FAE04EC0-301F-11D3-BF4B-00C04F79EFBC}") = "mulasztasokGUI", "mulasztasokGUI.csproj", "{FC716558-0F96-4AA0-AFD0-367ECCD3F733}"
EndProject
Global
	GlobalSection(SolutionConfigurationPlatforms) = preSolution
		Debug|Any CPU = Debug|Any CPU
		Release|Any CPU = Release|Any CPU
	EndGlobalSection
	GlobalSection(ProjectConfigurationPlatforms) = postSolution
		{FC716558-0F96-4AA0-AFD0-367ECCD3F733}.Debug|Any CPU.ActiveCfg = Debug|Any CPU
		{FC716558-0F96-4AA0-AFD0-367ECCD3F733}.Debug|Any CPU.Build.0 = Debug|Any CPU
		{FC716558-0F96-4AA0-AFD0-367ECCD3F733}.Release|Any CPU.ActiveCfg = Release|Any CPU
		{FC716558-0F96-4AA0-AFD0-367ECCD3F733}.Release|Any CPU.Build.0 = Release|Any CPU
	EndGlobalSection
	GlobalSection(SolutionProperties) = preSolution
		HideSolutionNode = FALSE
	EndGlobalSection
	GlobalSection(ExtensibilityGlobals) = postSolution
		SolutionGuid = {25B10C01-4FB1-439E-B8B2-5DA2204FC386}
	EndGlobalSection
EndGlobal
